
Microsoft Visual Studio Solution File, Format Version 12.00
# Visual Studio Version 17
VisualStudioVersion = 17.0.31903.59
MinimumVisualStudioVersion = 10.0.40219.1
Project("{9A19103F-16F7-4668-BE54-9A1E7A4F7556}") = "SecretChristmas.Server", "SecretChristmas\Server\SecretChristmas.Server.csproj", "{118E4F79-8E71-40A3-8AA7-C33560D54721}"
EndProject
Project("{9A19103F-16F7-4668-BE54-9A1E7A4F7556}") = "SecretChristmas.Client", "SecretChristmas\Client\SecretChristmas.Client.csproj", "{51CEE0C2-DB2B-4F01-93CB-D8D4D5B32C39}"
EndProject
Project("{9A19103F-16F7-4668-BE54-9A1E7A4F7556}") = "SecretChristmas.Shared", "SecretChristmas\Shared\SecretChristmas.Shared.csproj", "{BCA98172-2331-40A8-A5A7-60FAA63B980A}"
EndProject
Global
	GlobalSection(SolutionConfigurationPlatforms) = preSolution
		Debug|Any CPU = Debug|Any CPU
		Release|Any CPU = Release|Any CPU
	EndGlobalSection
	GlobalSection(ProjectConfigurationPlatforms) = postSolution
		{118E4F79-8E71-40A3-8AA7-C33560D54721}.Debug|Any CPU.ActiveCfg = Debug|Any CPU
		{118E4F79-8E71-40A3-8AA7-C33560D54721}.Debug|Any CPU.Build.0 = Debug|Any CPU
		{118E4F79-8E71-40A3-8AA7-C33560D54721}.Release|Any CPU.ActiveCfg = Release|Any CPU
		{118E4F79-8E71-40A3-8AA7-C33560D54721}.Release|Any CPU.Build.0 = Release|Any CPU
		{51CEE0C2-DB2B-4F01-93CB-D8D4D5B32C39}.Debug|Any CPU.ActiveCfg = Debug|Any CPU
		{51CEE0C2-DB2B-4F01-93CB-D8D4D5B32C39}.Debug|Any CPU.Build.0 = Debug|Any CPU
		{51CEE0C2-DB2B-4F01-93CB-D8D4D5B32C39}.Release|Any CPU.ActiveCfg = Release|Any CPU
		{51CEE0C2-DB2B-4F01-93CB-D8D4D5B32C39}.Release|Any CPU.Build.0 = Release|Any CPU
		{BCA98172-2331-40A8-A5A7-60FAA63B980A}.Debug|Any CPU.ActiveCfg = Debug|Any CPU
		{BCA98172-2331-40A8-A5A7-60FAA63B980A}.Debug|Any CPU.Build.0 = Debug|Any CPU
		{BCA98172-2331-40A8-A5A7-60FAA63B980A}.Release|Any CPU.ActiveCfg = Release|Any CPU
		{BCA98172-2331-40A8-A5A7-60FAA63B980A}.Release|Any CPU.Build.0 = Release|Any CPU
	EndGlobalSection
	GlobalSection(SolutionProperties) = preSolution
		HideSolutionNode = FALSE
	EndGlobalSection
	GlobalSection(ExtensibilityGlobals) = postSolution
		SolutionGuid = {63D48C89-7411-41BF-95AE-D7E8237FDAC3}
	EndGlobalSection
EndGlobal
